
Microsoft Visual Studio Solution File, Format Version 12.00
# Visual Studio 15
VisualStudioVersion = 15.0.26124.0
MinimumVisualStudioVersion = 15.0.26124.0
Project("{2150E333-8FDC-42A3-9474-1A3956D46DE8}") = "src", "src", "{84B95569-6BD8-48B4-A942-CBBC9462B6D4}"
EndProject
Project("{F2A71F9B-5D33-465A-A702-920D77279786}") = "DotNetLightning.Core", "src\DotNetLightning.Core\DotNetLightning.Core.fsproj", "{594F2275-AF8E-4AFC-B8DC-7D6048C872CA}"
EndProject
Project("{2150E333-8FDC-42A3-9474-1A3956D46DE8}") = "tests", "tests", "{E6F1DC30-D346-4E86-8F58-20CFAAB19448}"
EndProject
Project("{F2A71F9B-5D33-465A-A702-920D77279786}") = "DotNetLightning.Core.Tests", "tests\DotNetLightning.Core.Tests\DotNetLightning.Core.Tests.fsproj", "{690894CA-BD95-48D5-8C0A-4D2CC6D0C8B9}"
EndProject
Project("{2150E333-8FDC-42A3-9474-1A3956D46DE8}") = "NSec", "NSec", "{94CC1725-6CBC-4AB1-B496-0152C69C9709}"
EndProject
Project("{FAE04EC0-301F-11D3-BF4B-00C04F79EFBC}") = "NSec.Cryptography", "src\NSec\Cryptography\NSec.Cryptography.csproj", "{EDBE0B2D-EBAC-4413-9300-E19A4FA87965}"
EndProject
Project("{FAE04EC0-301F-11D3-BF4B-00C04F79EFBC}") = "NSec.Experimental", "src\NSec\Experimental\NSec.Experimental.csproj", "{50FEBC5F-8664-4BF7-8F75-9381B6981BAF}"
EndProject
Project("{F2A71F9B-5D33-465A-A702-920D77279786}") = "ResultUtils", "src\ResultUtils\ResultUtils.fsproj", "{21ECBAC8-A75F-4103-81F0-A8E135BE5AC6}"
EndProject
Project("{F2A71F9B-5D33-465A-A702-920D77279786}") = "TaskUtils", "src\TaskUtils\TaskUtils.fsproj", "{C21C0204-736B-4A66-A3E4-608002C91505}"
EndProject
Project("{FAE04EC0-301F-11D3-BF4B-00C04F79EFBC}") = "InternalBech32Encoder", "src\InternalBech32Encoder\InternalBech32Encoder.csproj", "{C7881917-9F0B-485B-9F33-8A58E1084B3F}"
EndProject
Project("{FAE04EC0-301F-11D3-BF4B-00C04F79EFBC}") = "Macaroons", "src\Macaroons\Macaroons.csproj", "{00F7DD98-B3DB-4361-8F06-6F6F2E29A81A}"
EndProject
Project("{FAE04EC0-301F-11D3-BF4B-00C04F79EFBC}") = "Macaroons.Tests", "tests\Macaroons.Tests\Macaroons.Tests.csproj", "{C34D4C62-BEBE-4333-8EB8-9CDDEF331E1B}"
EndProject
Project("{FAE04EC0-301F-11D3-BF4B-00C04F79EFBC}") = "AEZ", "src\AEZ\AEZ.csproj", "{411563BA-49FA-4707-B3ED-E66C5B288264}"
EndProject
Project("{FAE04EC0-301F-11D3-BF4B-00C04F79EFBC}") = "AEZ.Tests", "tests\AEZ.Tests\AEZ.Tests.csproj", "{95F08554-B415-4B0F-8E65-754A1CFE7513}"
EndProject
Project("{F2A71F9B-5D33-465A-A702-920D77279786}") = "DotNetLightning.ClnRpc", "src\DotNetLightning.ClnRpc\DotNetLightning.ClnRpc.fsproj", "{39ED1BF2-14D8-45C1-B062-F8B5B612C75F}"
EndProject
Global
	GlobalSection(SolutionConfigurationPlatforms) = preSolution
		Debug|Any CPU = Debug|Any CPU
		Debug|x64 = Debug|x64
		Debug|x86 = Debug|x86
		Release|Any CPU = Release|Any CPU
		Release|x64 = Release|x64
		Release|x86 = Release|x86
	EndGlobalSection
	GlobalSection(SolutionProperties) = preSolution
		HideSolutionNode = FALSE
	EndGlobalSection
	GlobalSection(ProjectConfigurationPlatforms) = postSolution
		{594F2275-AF8E-4AFC-B8DC-7D6048C872CA}.Debug|Any CPU.ActiveCfg = Debug|Any CPU
		{594F2275-AF8E-4AFC-B8DC-7D6048C872CA}.Debug|Any CPU.Build.0 = Debug|Any CPU
		{594F2275-AF8E-4AFC-B8DC-7D6048C872CA}.Debug|x64.ActiveCfg = Debug|Any CPU
		{594F2275-AF8E-4AFC-B8DC-7D6048C872CA}.Debug|x64.Build.0 = Debug|Any CPU
		{594F2275-AF8E-4AFC-B8DC-7D6048C872CA}.Debug|x86.ActiveCfg = Debug|Any CPU
		{594F2275-AF8E-4AFC-B8DC-7D6048C872CA}.Debug|x86.Build.0 = Debug|Any CPU
		{594F2275-AF8E-4AFC-B8DC-7D6048C872CA}.Release|Any CPU.ActiveCfg = Release|Any CPU
		{594F2275-AF8E-4AFC-B8DC-7D6048C872CA}.Release|Any CPU.Build.0 = Release|Any CPU
		{594F2275-AF8E-4AFC-B8DC-7D6048C872CA}.Release|x64.ActiveCfg = Release|Any CPU
		{594F2275-AF8E-4AFC-B8DC-7D6048C872CA}.Release|x64.Build.0 = Release|Any CPU
		{594F2275-AF8E-4AFC-B8DC-7D6048C872CA}.Release|x86.ActiveCfg = Release|Any CPU
		{594F2275-AF8E-4AFC-B8DC-7D6048C872CA}.Release|x86.Build.0 = Release|Any CPU
		{690894CA-BD95-48D5-8C0A-4D2CC6D0C8B9}.Debug|Any CPU.ActiveCfg = Debug|Any CPU
		{690894CA-BD95-48D5-8C0A-4D2CC6D0C8B9}.Debug|Any CPU.Build.0 = Debug|Any CPU
		{690894CA-BD95-48D5-8C0A-4D2CC6D0C8B9}.Debug|x64.ActiveCfg = Debug|Any CPU
		{690894CA-BD95-48D5-8C0A-4D2CC6D0C8B9}.Debug|x64.Build.0 = Debug|Any CPU
		{690894CA-BD95-48D5-8C0A-4D2CC6D0C8B9}.Debug|x86.ActiveCfg = Debug|Any CPU
		{690894CA-BD95-48D5-8C0A-4D2CC6D0C8B9}.Debug|x86.Build.0 = Debug|Any CPU
		{690894CA-BD95-48D5-8C0A-4D2CC6D0C8B9}.Release|Any CPU.ActiveCfg = Release|Any CPU
		{690894CA-BD95-48D5-8C0A-4D2CC6D0C8B9}.Release|Any CPU.Build.0 = Release|Any CPU
		{690894CA-BD95-48D5-8C0A-4D2CC6D0C8B9}.Release|x64.ActiveCfg = Release|Any CPU
		{690894CA-BD95-48D5-8C0A-4D2CC6D0C8B9}.Release|x64.Build.0 = Release|Any CPU
		{690894CA-BD95-48D5-8C0A-4D2CC6D0C8B9}.Release|x86.ActiveCfg = Release|Any CPU
		{690894CA-BD95-48D5-8C0A-4D2CC6D0C8B9}.Release|x86.Build.0 = Release|Any CPU
		{EDBE0B2D-EBAC-4413-9300-E19A4FA87965}.Debug|Any CPU.ActiveCfg = Debug|Any CPU
		{EDBE0B2D-EBAC-4413-9300-E19A4FA87965}.Debug|Any CPU.Build.0 = Debug|Any CPU
		{EDBE0B2D-EBAC-4413-9300-E19A4FA87965}.Debug|x64.ActiveCfg = Debug|Any CPU
		{EDBE0B2D-EBAC-4413-9300-E19A4FA87965}.Debug|x64.Build.0 = Debug|Any CPU
		{EDBE0B2D-EBAC-4413-9300-E19A4FA87965}.Debug|x86.ActiveCfg = Debug|Any CPU
		{EDBE0B2D-EBAC-4413-9300-E19A4FA87965}.Debug|x86.Build.0 = Debug|Any CPU
		{EDBE0B2D-EBAC-4413-9300-E19A4FA87965}.Release|Any CPU.ActiveCfg = Release|Any CPU
		{EDBE0B2D-EBAC-4413-9300-E19A4FA87965}.Release|Any CPU.Build.0 = Release|Any CPU
		{EDBE0B2D-EBAC-4413-9300-E19A4FA87965}.Release|x64.ActiveCfg = Release|Any CPU
		{EDBE0B2D-EBAC-4413-9300-E19A4FA87965}.Release|x64.Build.0 = Release|Any CPU
		{EDBE0B2D-EBAC-4413-9300-E19A4FA87965}.Release|x86.ActiveCfg = Release|Any CPU
		{EDBE0B2D-EBAC-4413-9300-E19A4FA87965}.Release|x86.Build.0 = Release|Any CPU
		{50FEBC5F-8664-4BF7-8F75-9381B6981BAF}.Debug|Any CPU.ActiveCfg = Debug|Any CPU
		{50FEBC5F-8664-4BF7-8F75-9381B6981BAF}.Debug|Any CPU.Build.0 = Debug|Any CPU
		{50FEBC5F-8664-4BF7-8F75-9381B6981BAF}.Debug|x64.ActiveCfg = Debug|Any CPU
		{50FEBC5F-8664-4BF7-8F75-9381B6981BAF}.Debug|x64.Build.0 = Debug|Any CPU
		{50FEBC5F-8664-4BF7-8F75-9381B6981BAF}.Debug|x86.ActiveCfg = Debug|Any CPU
		{50FEBC5F-8664-4BF7-8F75-9381B6981BAF}.Debug|x86.Build.0 = Debug|Any CPU
		{50FEBC5F-8664-4BF7-8F75-9381B6981BAF}.Release|Any CPU.ActiveCfg = Release|Any CPU
		{50FEBC5F-8664-4BF7-8F75-9381B6981BAF}.Release|Any CPU.Build.0 = Release|Any CPU
		{50FEBC5F-8664-4BF7-8F75-9381B6981BAF}.Release|x64.ActiveCfg = Release|Any CPU
		{50FEBC5F-8664-4BF7-8F75-9381B6981BAF}.Release|x64.Build.0 = Release|Any CPU
		{50FEBC5F-8664-4BF7-8F75-9381B6981BAF}.Release|x86.ActiveCfg = Release|Any CPU
		{50FEBC5F-8664-4BF7-8F75-9381B6981BAF}.Release|x86.Build.0 = Release|Any CPU
		{21ECBAC8-A75F-4103-81F0-A8E135BE5AC6}.Debug|Any CPU.ActiveCfg = Debug|Any CPU
		{21ECBAC8-A75F-4103-81F0-A8E135BE5AC6}.Debug|Any CPU.Build.0 = Debug|Any CPU
		{21ECBAC8-A75F-4103-81F0-A8E135BE5AC6}.Debug|x64.ActiveCfg = Debug|Any CPU
		{21ECBAC8-A75F-4103-81F0-A8E135BE5AC6}.Debug|x64.Build.0 = Debug|Any CPU
		{21ECBAC8-A75F-4103-81F0-A8E135BE5AC6}.Debug|x86.ActiveCfg = Debug|Any CPU
		{21ECBAC8-A75F-4103-81F0-A8E135BE5AC6}.Debug|x86.Build.0 = Debug|Any CPU
		{21ECBAC8-A75F-4103-81F0-A8E135BE5AC6}.Release|Any CPU.ActiveCfg = Release|Any CPU
		{21ECBAC8-A75F-4103-81F0-A8E135BE5AC6}.Release|Any CPU.Build.0 = Release|Any CPU
		{21ECBAC8-A75F-4103-81F0-A8E135BE5AC6}.Release|x64.ActiveCfg = Release|Any CPU
		{21ECBAC8-A75F-4103-81F0-A8E135BE5AC6}.Release|x64.Build.0 = Release|Any CPU
		{21ECBAC8-A75F-4103-81F0-A8E135BE5AC6}.Release|x86.ActiveCfg = Release|Any CPU
		{21ECBAC8-A75F-4103-81F0-A8E135BE5AC6}.Release|x86.Build.0 = Release|Any CPU
		{C21C0204-736B-4A66-A3E4-608002C91505}.Debug|Any CPU.ActiveCfg = Debug|Any CPU
		{C21C0204-736B-4A66-A3E4-608002C91505}.Debug|Any CPU.Build.0 = Debug|Any CPU
		{C21C0204-736B-4A66-A3E4-608002C91505}.Debug|x64.ActiveCfg = Debug|Any CPU
		{C21C0204-736B-4A66-A3E4-608002C91505}.Debug|x64.Build.0 = Debug|Any CPU
		{C21C0204-736B-4A66-A3E4-608002C91505}.Debug|x86.ActiveCfg = Debug|Any CPU
		{C21C0204-736B-4A66-A3E4-608002C91505}.Debug|x86.Build.0 = Debug|Any CPU
		{C21C0204-736B-4A66-A3E4-608002C91505}.Release|Any CPU.ActiveCfg = Release|Any CPU
		{C21C0204-736B-4A66-A3E4-608002C91505}.Release|Any CPU.Build.0 = Release|Any CPU
		{C21C0204-736B-4A66-A3E4-608002C91505}.Release|x64.ActiveCfg = Release|Any CPU
		{C21C0204-736B-4A66-A3E4-608002C91505}.Release|x64.Build.0 = Release|Any CPU
		{C21C0204-736B-4A66-A3E4-608002C91505}.Release|x86.ActiveCfg = Release|Any CPU
		{C21C0204-736B-4A66-A3E4-608002C91505}.Release|x86.Build.0 = Release|Any CPU
		{C7881917-9F0B-485B-9F33-8A58E1084B3F}.Debug|Any CPU.ActiveCfg = Debug|Any CPU
		{C7881917-9F0B-485B-9F33-8A58E1084B3F}.Debug|Any CPU.Build.0 = Debug|Any CPU
		{C7881917-9F0B-485B-9F33-8A58E1084B3F}.Debug|x64.ActiveCfg = Debug|Any CPU
		{C7881917-9F0B-485B-9F33-8A58E1084B3F}.Debug|x64.Build.0 = Debug|Any CPU
		{C7881917-9F0B-485B-9F33-8A58E1084B3F}.Debug|x86.ActiveCfg = Debug|Any CPU
		{C7881917-9F0B-485B-9F33-8A58E1084B3F}.Debug|x86.Build.0 = Debug|Any CPU
		{C7881917-9F0B-485B-9F33-8A58E1084B3F}.Release|Any CPU.ActiveCfg = Release|Any CPU
		{C7881917-9F0B-485B-9F33-8A58E1084B3F}.Release|Any CPU.Build.0 = Release|Any CPU
		{C7881917-9F0B-485B-9F33-8A58E1084B3F}.Release|x64.ActiveCfg = Release|Any CPU
		{C7881917-9F0B-485B-9F33-8A58E1084B3F}.Release|x64.Build.0 = Release|Any CPU
		{C7881917-9F0B-485B-9F33-8A58E1084B3F}.Release|x86.ActiveCfg = Release|Any CPU
		{C7881917-9F0B-485B-9F33-8A58E1084B3F}.Release|x86.Build.0 = Release|Any CPU
		{00F7DD98-B3DB-4361-8F06-6F6F2E29A81A}.Debug|Any CPU.ActiveCfg = Debug|Any CPU
		{00F7DD98-B3DB-4361-8F06-6F6F2E29A81A}.Debug|Any CPU.Build.0 = Debug|Any CPU
		{00F7DD98-B3DB-4361-8F06-6F6F2E29A81A}.Debug|x64.ActiveCfg = Debug|Any CPU
		{00F7DD98-B3DB-4361-8F06-6F6F2E29A81A}.Debug|x64.Build.0 = Debug|Any CPU
		{00F7DD98-B3DB-4361-8F06-6F6F2E29A81A}.Debug|x86.ActiveCfg = Debug|Any CPU
		{00F7DD98-B3DB-4361-8F06-6F6F2E29A81A}.Debug|x86.Build.0 = Debug|Any CPU
		{00F7DD98-B3DB-4361-8F06-6F6F2E29A81A}.Release|Any CPU.ActiveCfg = Release|Any CPU
		{00F7DD98-B3DB-4361-8F06-6F6F2E29A81A}.Release|Any CPU.Build.0 = Release|Any CPU
		{00F7DD98-B3DB-4361-8F06-6F6F2E29A81A}.Release|x64.ActiveCfg = Release|Any CPU
		{00F7DD98-B3DB-4361-8F06-6F6F2E29A81A}.Release|x64.Build.0 = Release|Any CPU
		{00F7DD98-B3DB-4361-8F06-6F6F2E29A81A}.Release|x86.ActiveCfg = Release|Any CPU
		{00F7DD98-B3DB-4361-8F06-6F6F2E29A81A}.Release|x86.Build.0 = Release|Any CPU
		{C34D4C62-BEBE-4333-8EB8-9CDDEF331E1B}.Debug|Any CPU.ActiveCfg = Debug|Any CPU
		{C34D4C62-BEBE-4333-8EB8-9CDDEF331E1B}.Debug|Any CPU.Build.0 = Debug|Any CPU
		{C34D4C62-BEBE-4333-8EB8-9CDDEF331E1B}.Debug|x64.ActiveCfg = Debug|Any CPU
		{C34D4C62-BEBE-4333-8EB8-9CDDEF331E1B}.Debug|x64.Build.0 = Debug|Any CPU
		{C34D4C62-BEBE-4333-8EB8-9CDDEF331E1B}.Debug|x86.ActiveCfg = Debug|Any CPU
		{C34D4C62-BEBE-4333-8EB8-9CDDEF331E1B}.Debug|x86.Build.0 = Debug|Any CPU
		{C34D4C62-BEBE-4333-8EB8-9CDDEF331E1B}.Release|Any CPU.ActiveCfg = Release|Any CPU
		{C34D4C62-BEBE-4333-8EB8-9CDDEF331E1B}.Release|Any CPU.Build.0 = Release|Any CPU
		{C34D4C62-BEBE-4333-8EB8-9CDDEF331E1B}.Release|x64.ActiveCfg = Release|Any CPU
		{C34D4C62-BEBE-4333-8EB8-9CDDEF331E1B}.Release|x64.Build.0 = Release|Any CPU
		{C34D4C62-BEBE-4333-8EB8-9CDDEF331E1B}.Release|x86.ActiveCfg = Release|Any CPU
		{C34D4C62-BEBE-4333-8EB8-9CDDEF331E1B}.Release|x86.Build.0 = Release|Any CPU
		{411563BA-49FA-4707-B3ED-E66C5B288264}.Debug|Any CPU.ActiveCfg = Debug|Any CPU
		{411563BA-49FA-4707-B3ED-E66C5B288264}.Debug|Any CPU.Build.0 = Debug|Any CPU
		{411563BA-49FA-4707-B3ED-E66C5B288264}.Debug|x64.ActiveCfg = Debug|Any CPU
		{411563BA-49FA-4707-B3ED-E66C5B288264}.Debug|x64.Build.0 = Debug|Any CPU
		{411563BA-49FA-4707-B3ED-E66C5B288264}.Debug|x86.ActiveCfg = Debug|Any CPU
		{411563BA-49FA-4707-B3ED-E66C5B288264}.Debug|x86.Build.0 = Debug|Any CPU
		{411563BA-49FA-4707-B3ED-E66C5B288264}.Release|Any CPU.ActiveCfg = Release|Any CPU
		{411563BA-49FA-4707-B3ED-E66C5B288264}.Release|Any CPU.Build.0 = Release|Any CPU
		{411563BA-49FA-4707-B3ED-E66C5B288264}.Release|x64.ActiveCfg = Release|Any CPU
		{411563BA-49FA-4707-B3ED-E66C5B288264}.Release|x64.Build.0 = Release|Any CPU
		{411563BA-49FA-4707-B3ED-E66C5B288264}.Release|x86.ActiveCfg = Release|Any CPU
		{411563BA-49FA-4707-B3ED-E66C5B288264}.Release|x86.Build.0 = Release|Any CPU
		{95F08554-B415-4B0F-8E65-754A1CFE7513}.Debug|Any CPU.ActiveCfg = Debug|Any CPU
		{95F08554-B415-4B0F-8E65-754A1CFE7513}.Debug|Any CPU.Build.0 = Debug|Any CPU
		{95F08554-B415-4B0F-8E65-754A1CFE7513}.Debug|x64.ActiveCfg = Debug|Any CPU
		{95F08554-B415-4B0F-8E65-754A1CFE7513}.Debug|x64.Build.0 = Debug|Any CPU
		{95F08554-B415-4B0F-8E65-754A1CFE7513}.Debug|x86.ActiveCfg = Debug|Any CPU
		{95F08554-B415-4B0F-8E65-754A1CFE7513}.Debug|x86.Build.0 = Debug|Any CPU
		{95F08554-B415-4B0F-8E65-754A1CFE7513}.Release|Any CPU.ActiveCfg = Release|Any CPU
		{95F08554-B415-4B0F-8E65-754A1CFE7513}.Release|Any CPU.Build.0 = Release|Any CPU
		{95F08554-B415-4B0F-8E65-754A1CFE7513}.Release|x64.ActiveCfg = Release|Any CPU
		{95F08554-B415-4B0F-8E65-754A1CFE7513}.Release|x64.Build.0 = Release|Any CPU
		{95F08554-B415-4B0F-8E65-754A1CFE7513}.Release|x86.ActiveCfg = Release|Any CPU
		{95F08554-B415-4B0F-8E65-754A1CFE7513}.Release|x86.Build.0 = Release|Any CPU
		{39ED1BF2-14D8-45C1-B062-F8B5B612C75F}.Debug|Any CPU.ActiveCfg = Debug|Any CPU
		{39ED1BF2-14D8-45C1-B062-F8B5B612C75F}.Debug|Any CPU.Build.0 = Debug|Any CPU
		{39ED1BF2-14D8-45C1-B062-F8B5B612C75F}.Debug|x64.ActiveCfg = Debug|Any CPU
		{39ED1BF2-14D8-45C1-B062-F8B5B612C75F}.Debug|x64.Build.0 = Debug|Any CPU
		{39ED1BF2-14D8-45C1-B062-F8B5B612C75F}.Debug|x86.ActiveCfg = Debug|Any CPU
		{39ED1BF2-14D8-45C1-B062-F8B5B612C75F}.Debug|x86.Build.0 = Debug|Any CPU
		{39ED1BF2-14D8-45C1-B062-F8B5B612C75F}.Release|Any CPU.ActiveCfg = Release|Any CPU
		{39ED1BF2-14D8-45C1-B062-F8B5B612C75F}.Release|Any CPU.Build.0 = Release|Any CPU
		{39ED1BF2-14D8-45C1-B062-F8B5B612C75F}.Release|x64.ActiveCfg = Release|Any CPU
		{39ED1BF2-14D8-45C1-B062-F8B5B612C75F}.Release|x64.Build.0 = Release|Any CPU
		{39ED1BF2-14D8-45C1-B062-F8B5B612C75F}.Release|x86.ActiveCfg = Release|Any CPU
		{39ED1BF2-14D8-45C1-B062-F8B5B612C75F}.Release|x86.Build.0 = Release|Any CPU
	EndGlobalSection
	GlobalSection(NestedProjects) = preSolution
		{594F2275-AF8E-4AFC-B8DC-7D6048C872CA} = {84B95569-6BD8-48B4-A942-CBBC9462B6D4}
		{690894CA-BD95-48D5-8C0A-4D2CC6D0C8B9} = {E6F1DC30-D346-4E86-8F58-20CFAAB19448}
		{94CC1725-6CBC-4AB1-B496-0152C69C9709} = {84B95569-6BD8-48B4-A942-CBBC9462B6D4}
		{EDBE0B2D-EBAC-4413-9300-E19A4FA87965} = {94CC1725-6CBC-4AB1-B496-0152C69C9709}
		{50FEBC5F-8664-4BF7-8F75-9381B6981BAF} = {94CC1725-6CBC-4AB1-B496-0152C69C9709}
		{21ECBAC8-A75F-4103-81F0-A8E135BE5AC6} = {84B95569-6BD8-48B4-A942-CBBC9462B6D4}
		{C21C0204-736B-4A66-A3E4-608002C91505} = {84B95569-6BD8-48B4-A942-CBBC9462B6D4}
		{C7881917-9F0B-485B-9F33-8A58E1084B3F} = {84B95569-6BD8-48B4-A942-CBBC9462B6D4}
		{00F7DD98-B3DB-4361-8F06-6F6F2E29A81A} = {84B95569-6BD8-48B4-A942-CBBC9462B6D4}
		{C34D4C62-BEBE-4333-8EB8-9CDDEF331E1B} = {E6F1DC30-D346-4E86-8F58-20CFAAB19448}
		{411563BA-49FA-4707-B3ED-E66C5B288264} = {84B95569-6BD8-48B4-A942-CBBC9462B6D4}
		{95F08554-B415-4B0F-8E65-754A1CFE7513} = {E6F1DC30-D346-4E86-8F58-20CFAAB19448}
		{39ED1BF2-14D8-45C1-B062-F8B5B612C75F} = {84B95569-6BD8-48B4-A942-CBBC9462B6D4}
	EndGlobalSection
EndGlobal
