
Microsoft Visual Studio Solution File, Format Version 12.00
# Visual Studio 15
VisualStudioVersion = 15.0.26124.0
MinimumVisualStudioVersion = 15.0.26124.0
Project("{2150E333-8FDC-42A3-9474-1A3956D46DE8}") = "src", "src", "{84B95569-6BD8-48B4-A942-CBBC9462B6D4}"
EndProject
Project("{F2A71F9B-5D33-465A-A702-920D77279786}") = "DotNetLightning.Core", "src\DotNetLightning.Core\DotNetLightning.Core.fsproj", "{594F2275-AF8E-4AFC-B8DC-7D6048C872CA}"
EndProject
Project("{2150E333-8FDC-42A3-9474-1A3956D46DE8}") = "tests", "tests", "{E6F1DC30-D346-4E86-8F58-20CFAAB19448}"
EndProject
Project("{F2A71F9B-5D33-465A-A702-920D77279786}") = "DotNetLightning.Core.Tests", "tests\DotNetLightning.Core.Tests\DotNetLightning.Core.Tests.fsproj", "{690894CA-BD95-48D5-8C0A-4D2CC6D0C8B9}"
EndProject
Project("{FAE04EC0-301F-11D3-BF4B-00C04F79EFBC}") = "Secp256k1.Net.Test", "tests\Secp256k1.Net.Test\Secp256k1.Net.Test.csproj", "{E9BC0196-993C-467A-956C-F5C069DCB0DC}"
EndProject
Project("{FAE04EC0-301F-11D3-BF4B-00C04F79EFBC}") = "Secp256k1.Net", "src\Secp256k1.Net\Secp256k1.Net.csproj", "{139DDEF7-6921-4C26-9091-DFA19798C72E}"
EndProject
Project("{F2A71F9B-5D33-465A-A702-920D77279786}") = "EventAggregator", "src\EventAggregator\EventAggregator.fsproj", "{3320DB6F-655A-4909-97A5-4706E951048D}"
EndProject
Project("{F2A71F9B-5D33-465A-A702-920D77279786}") = "EventAggregator.Tests", "tests\EventAggregator.Tests\EventAggregator.Tests.fsproj", "{F5AB8998-BDEF-4BD4-BE09-0D2237659B00}"
EndProject
Project("{F2A71F9B-5D33-465A-A702-920D77279786}") = "DotNetLightning.Infrastructure", "src\DotNetLightning.Infrastructure\DotNetLightning.Infrastructure.fsproj", "{2B5A983E-FC27-4992-9611-CE3C17B9ADCA}"
EndProject
Project("{F2A71F9B-5D33-465A-A702-920D77279786}") = "DotNetLightning.Server", "src\DotNetLightning.Server\DotNetLightning.Server.fsproj", "{721CE279-93C3-4015-8288-9B6FE847B321}"
EndProject
Project("{F2A71F9B-5D33-465A-A702-920D77279786}") = "FSharp.SystemTextJson", "src\FSharp.SystemTextJson\FSharp.SystemTextJson.fsproj", "{2F74B619-3635-4407-88AC-3804A22D9C95}"
EndProject
Project("{F2A71F9B-5D33-465A-A702-920D77279786}") = "DotNetLightning.Integration.Tests", "tests\DotNetLightning.Integration.Tests\DotNetLightning.Integration.Tests.fsproj", "{154AFD1C-DE6C-44B3-8C5D-8160B46CBA9C}"
EndProject
Project("{F2A71F9B-5D33-465A-A702-920D77279786}") = "DotNetLightning.Infrastructure.Tests", "tests\DotNetLightning.Infrastructure.Tests\DotNetLightning.Infrastructure.Tests.fsproj", "{B69A385C-D742-4432-9D1E-065FD79F2640}"
EndProject
Project("{2150E333-8FDC-42A3-9474-1A3956D46DE8}") = "NSec", "NSec", "{94CC1725-6CBC-4AB1-B496-0152C69C9709}"
EndProject
Project("{FAE04EC0-301F-11D3-BF4B-00C04F79EFBC}") = "NSec.Cryptography", "src\NSec\Cryptography\NSec.Cryptography.csproj", "{EDBE0B2D-EBAC-4413-9300-E19A4FA87965}"
EndProject
Project("{FAE04EC0-301F-11D3-BF4B-00C04F79EFBC}") = "NSec.Experimental", "src\NSec\Experimental\NSec.Experimental.csproj", "{50FEBC5F-8664-4BF7-8F75-9381B6981BAF}"
EndProject
Project("{F2A71F9B-5D33-465A-A702-920D77279786}") = "ResultUtils", "src\ResultUtils\ResultUtils.fsproj", "{21ECBAC8-A75F-4103-81F0-A8E135BE5AC6}"
EndProject
Project("{F2A71F9B-5D33-465A-A702-920D77279786}") = "TaskUtils", "src\TaskUtils\TaskUtils.fsproj", "{C21C0204-736B-4A66-A3E4-608002C91505}"
EndProject
Project("{FAE04EC0-301F-11D3-BF4B-00C04F79EFBC}") = "InternalBech32Encoder", "src\InternalBech32Encoder\InternalBech32Encoder.csproj", "{C7881917-9F0B-485B-9F33-8A58E1084B3F}"
EndProject
Global
	GlobalSection(SolutionConfigurationPlatforms) = preSolution
		Debug|Any CPU = Debug|Any CPU
		Debug|x64 = Debug|x64
		Debug|x86 = Debug|x86
		Release|Any CPU = Release|Any CPU
		Release|x64 = Release|x64
		Release|x86 = Release|x86
	EndGlobalSection
	GlobalSection(SolutionProperties) = preSolution
		HideSolutionNode = FALSE
	EndGlobalSection
	GlobalSection(ProjectConfigurationPlatforms) = postSolution
		{594F2275-AF8E-4AFC-B8DC-7D6048C872CA}.Debug|Any CPU.ActiveCfg = Debug|Any CPU
		{594F2275-AF8E-4AFC-B8DC-7D6048C872CA}.Debug|Any CPU.Build.0 = Debug|Any CPU
		{594F2275-AF8E-4AFC-B8DC-7D6048C872CA}.Debug|x64.ActiveCfg = Debug|Any CPU
		{594F2275-AF8E-4AFC-B8DC-7D6048C872CA}.Debug|x64.Build.0 = Debug|Any CPU
		{594F2275-AF8E-4AFC-B8DC-7D6048C872CA}.Debug|x86.ActiveCfg = Debug|Any CPU
		{594F2275-AF8E-4AFC-B8DC-7D6048C872CA}.Debug|x86.Build.0 = Debug|Any CPU
		{594F2275-AF8E-4AFC-B8DC-7D6048C872CA}.Release|Any CPU.ActiveCfg = Release|Any CPU
		{594F2275-AF8E-4AFC-B8DC-7D6048C872CA}.Release|Any CPU.Build.0 = Release|Any CPU
		{594F2275-AF8E-4AFC-B8DC-7D6048C872CA}.Release|x64.ActiveCfg = Release|Any CPU
		{594F2275-AF8E-4AFC-B8DC-7D6048C872CA}.Release|x64.Build.0 = Release|Any CPU
		{594F2275-AF8E-4AFC-B8DC-7D6048C872CA}.Release|x86.ActiveCfg = Release|Any CPU
		{594F2275-AF8E-4AFC-B8DC-7D6048C872CA}.Release|x86.Build.0 = Release|Any CPU
		{690894CA-BD95-48D5-8C0A-4D2CC6D0C8B9}.Debug|Any CPU.ActiveCfg = Debug|Any CPU
		{690894CA-BD95-48D5-8C0A-4D2CC6D0C8B9}.Debug|Any CPU.Build.0 = Debug|Any CPU
		{690894CA-BD95-48D5-8C0A-4D2CC6D0C8B9}.Debug|x64.ActiveCfg = Debug|Any CPU
		{690894CA-BD95-48D5-8C0A-4D2CC6D0C8B9}.Debug|x64.Build.0 = Debug|Any CPU
		{690894CA-BD95-48D5-8C0A-4D2CC6D0C8B9}.Debug|x86.ActiveCfg = Debug|Any CPU
		{690894CA-BD95-48D5-8C0A-4D2CC6D0C8B9}.Debug|x86.Build.0 = Debug|Any CPU
		{690894CA-BD95-48D5-8C0A-4D2CC6D0C8B9}.Release|Any CPU.ActiveCfg = Release|Any CPU
		{690894CA-BD95-48D5-8C0A-4D2CC6D0C8B9}.Release|Any CPU.Build.0 = Release|Any CPU
		{690894CA-BD95-48D5-8C0A-4D2CC6D0C8B9}.Release|x64.ActiveCfg = Release|Any CPU
		{690894CA-BD95-48D5-8C0A-4D2CC6D0C8B9}.Release|x64.Build.0 = Release|Any CPU
		{690894CA-BD95-48D5-8C0A-4D2CC6D0C8B9}.Release|x86.ActiveCfg = Release|Any CPU
		{690894CA-BD95-48D5-8C0A-4D2CC6D0C8B9}.Release|x86.Build.0 = Release|Any CPU
		{E9BC0196-993C-467A-956C-F5C069DCB0DC}.Debug|Any CPU.ActiveCfg = Debug|Any CPU
		{E9BC0196-993C-467A-956C-F5C069DCB0DC}.Debug|Any CPU.Build.0 = Debug|Any CPU
		{E9BC0196-993C-467A-956C-F5C069DCB0DC}.Debug|x64.ActiveCfg = Debug|Any CPU
		{E9BC0196-993C-467A-956C-F5C069DCB0DC}.Debug|x64.Build.0 = Debug|Any CPU
		{E9BC0196-993C-467A-956C-F5C069DCB0DC}.Debug|x86.ActiveCfg = Debug|Any CPU
		{E9BC0196-993C-467A-956C-F5C069DCB0DC}.Debug|x86.Build.0 = Debug|Any CPU
		{E9BC0196-993C-467A-956C-F5C069DCB0DC}.Release|Any CPU.ActiveCfg = Release|Any CPU
		{E9BC0196-993C-467A-956C-F5C069DCB0DC}.Release|Any CPU.Build.0 = Release|Any CPU
		{E9BC0196-993C-467A-956C-F5C069DCB0DC}.Release|x64.ActiveCfg = Release|Any CPU
		{E9BC0196-993C-467A-956C-F5C069DCB0DC}.Release|x64.Build.0 = Release|Any CPU
		{E9BC0196-993C-467A-956C-F5C069DCB0DC}.Release|x86.ActiveCfg = Release|Any CPU
		{E9BC0196-993C-467A-956C-F5C069DCB0DC}.Release|x86.Build.0 = Release|Any CPU
		{139DDEF7-6921-4C26-9091-DFA19798C72E}.Debug|Any CPU.ActiveCfg = Debug|Any CPU
		{139DDEF7-6921-4C26-9091-DFA19798C72E}.Debug|Any CPU.Build.0 = Debug|Any CPU
		{139DDEF7-6921-4C26-9091-DFA19798C72E}.Debug|x64.ActiveCfg = Debug|Any CPU
		{139DDEF7-6921-4C26-9091-DFA19798C72E}.Debug|x64.Build.0 = Debug|Any CPU
		{139DDEF7-6921-4C26-9091-DFA19798C72E}.Debug|x86.ActiveCfg = Debug|Any CPU
		{139DDEF7-6921-4C26-9091-DFA19798C72E}.Debug|x86.Build.0 = Debug|Any CPU
		{139DDEF7-6921-4C26-9091-DFA19798C72E}.Release|Any CPU.ActiveCfg = Release|Any CPU
		{139DDEF7-6921-4C26-9091-DFA19798C72E}.Release|Any CPU.Build.0 = Release|Any CPU
		{139DDEF7-6921-4C26-9091-DFA19798C72E}.Release|x64.ActiveCfg = Release|Any CPU
		{139DDEF7-6921-4C26-9091-DFA19798C72E}.Release|x64.Build.0 = Release|Any CPU
		{139DDEF7-6921-4C26-9091-DFA19798C72E}.Release|x86.ActiveCfg = Release|Any CPU
		{139DDEF7-6921-4C26-9091-DFA19798C72E}.Release|x86.Build.0 = Release|Any CPU
		{3320DB6F-655A-4909-97A5-4706E951048D}.Debug|Any CPU.ActiveCfg = Debug|Any CPU
		{3320DB6F-655A-4909-97A5-4706E951048D}.Debug|Any CPU.Build.0 = Debug|Any CPU
		{3320DB6F-655A-4909-97A5-4706E951048D}.Debug|x64.ActiveCfg = Debug|Any CPU
		{3320DB6F-655A-4909-97A5-4706E951048D}.Debug|x64.Build.0 = Debug|Any CPU
		{3320DB6F-655A-4909-97A5-4706E951048D}.Debug|x86.ActiveCfg = Debug|Any CPU
		{3320DB6F-655A-4909-97A5-4706E951048D}.Debug|x86.Build.0 = Debug|Any CPU
		{3320DB6F-655A-4909-97A5-4706E951048D}.Release|Any CPU.ActiveCfg = Release|Any CPU
		{3320DB6F-655A-4909-97A5-4706E951048D}.Release|Any CPU.Build.0 = Release|Any CPU
		{3320DB6F-655A-4909-97A5-4706E951048D}.Release|x64.ActiveCfg = Release|Any CPU
		{3320DB6F-655A-4909-97A5-4706E951048D}.Release|x64.Build.0 = Release|Any CPU
		{3320DB6F-655A-4909-97A5-4706E951048D}.Release|x86.ActiveCfg = Release|Any CPU
		{3320DB6F-655A-4909-97A5-4706E951048D}.Release|x86.Build.0 = Release|Any CPU
		{F5AB8998-BDEF-4BD4-BE09-0D2237659B00}.Debug|Any CPU.ActiveCfg = Debug|Any CPU
		{F5AB8998-BDEF-4BD4-BE09-0D2237659B00}.Debug|Any CPU.Build.0 = Debug|Any CPU
		{F5AB8998-BDEF-4BD4-BE09-0D2237659B00}.Debug|x64.ActiveCfg = Debug|Any CPU
		{F5AB8998-BDEF-4BD4-BE09-0D2237659B00}.Debug|x64.Build.0 = Debug|Any CPU
		{F5AB8998-BDEF-4BD4-BE09-0D2237659B00}.Debug|x86.ActiveCfg = Debug|Any CPU
		{F5AB8998-BDEF-4BD4-BE09-0D2237659B00}.Debug|x86.Build.0 = Debug|Any CPU
		{F5AB8998-BDEF-4BD4-BE09-0D2237659B00}.Release|Any CPU.ActiveCfg = Release|Any CPU
		{F5AB8998-BDEF-4BD4-BE09-0D2237659B00}.Release|Any CPU.Build.0 = Release|Any CPU
		{F5AB8998-BDEF-4BD4-BE09-0D2237659B00}.Release|x64.ActiveCfg = Release|Any CPU
		{F5AB8998-BDEF-4BD4-BE09-0D2237659B00}.Release|x64.Build.0 = Release|Any CPU
		{F5AB8998-BDEF-4BD4-BE09-0D2237659B00}.Release|x86.ActiveCfg = Release|Any CPU
		{F5AB8998-BDEF-4BD4-BE09-0D2237659B00}.Release|x86.Build.0 = Release|Any CPU
		{2B5A983E-FC27-4992-9611-CE3C17B9ADCA}.Debug|Any CPU.ActiveCfg = Debug|Any CPU
		{2B5A983E-FC27-4992-9611-CE3C17B9ADCA}.Debug|Any CPU.Build.0 = Debug|Any CPU
		{2B5A983E-FC27-4992-9611-CE3C17B9ADCA}.Debug|x64.ActiveCfg = Debug|Any CPU
		{2B5A983E-FC27-4992-9611-CE3C17B9ADCA}.Debug|x64.Build.0 = Debug|Any CPU
		{2B5A983E-FC27-4992-9611-CE3C17B9ADCA}.Debug|x86.ActiveCfg = Debug|Any CPU
		{2B5A983E-FC27-4992-9611-CE3C17B9ADCA}.Debug|x86.Build.0 = Debug|Any CPU
		{2B5A983E-FC27-4992-9611-CE3C17B9ADCA}.Release|Any CPU.ActiveCfg = Release|Any CPU
		{2B5A983E-FC27-4992-9611-CE3C17B9ADCA}.Release|Any CPU.Build.0 = Release|Any CPU
		{2B5A983E-FC27-4992-9611-CE3C17B9ADCA}.Release|x64.ActiveCfg = Release|Any CPU
		{2B5A983E-FC27-4992-9611-CE3C17B9ADCA}.Release|x64.Build.0 = Release|Any CPU
		{2B5A983E-FC27-4992-9611-CE3C17B9ADCA}.Release|x86.ActiveCfg = Release|Any CPU
		{2B5A983E-FC27-4992-9611-CE3C17B9ADCA}.Release|x86.Build.0 = Release|Any CPU
		{721CE279-93C3-4015-8288-9B6FE847B321}.Debug|Any CPU.ActiveCfg = Debug|Any CPU
		{721CE279-93C3-4015-8288-9B6FE847B321}.Debug|Any CPU.Build.0 = Debug|Any CPU
		{721CE279-93C3-4015-8288-9B6FE847B321}.Debug|x64.ActiveCfg = Debug|Any CPU
		{721CE279-93C3-4015-8288-9B6FE847B321}.Debug|x64.Build.0 = Debug|Any CPU
		{721CE279-93C3-4015-8288-9B6FE847B321}.Debug|x86.ActiveCfg = Debug|Any CPU
		{721CE279-93C3-4015-8288-9B6FE847B321}.Debug|x86.Build.0 = Debug|Any CPU
		{721CE279-93C3-4015-8288-9B6FE847B321}.Release|Any CPU.ActiveCfg = Release|Any CPU
		{721CE279-93C3-4015-8288-9B6FE847B321}.Release|Any CPU.Build.0 = Release|Any CPU
		{721CE279-93C3-4015-8288-9B6FE847B321}.Release|x64.ActiveCfg = Release|Any CPU
		{721CE279-93C3-4015-8288-9B6FE847B321}.Release|x64.Build.0 = Release|Any CPU
		{721CE279-93C3-4015-8288-9B6FE847B321}.Release|x86.ActiveCfg = Release|Any CPU
		{721CE279-93C3-4015-8288-9B6FE847B321}.Release|x86.Build.0 = Release|Any CPU
		{2F74B619-3635-4407-88AC-3804A22D9C95}.Debug|Any CPU.ActiveCfg = Debug|Any CPU
		{2F74B619-3635-4407-88AC-3804A22D9C95}.Debug|Any CPU.Build.0 = Debug|Any CPU
		{2F74B619-3635-4407-88AC-3804A22D9C95}.Debug|x64.ActiveCfg = Debug|Any CPU
		{2F74B619-3635-4407-88AC-3804A22D9C95}.Debug|x64.Build.0 = Debug|Any CPU
		{2F74B619-3635-4407-88AC-3804A22D9C95}.Debug|x86.ActiveCfg = Debug|Any CPU
		{2F74B619-3635-4407-88AC-3804A22D9C95}.Debug|x86.Build.0 = Debug|Any CPU
		{2F74B619-3635-4407-88AC-3804A22D9C95}.Release|Any CPU.ActiveCfg = Release|Any CPU
		{2F74B619-3635-4407-88AC-3804A22D9C95}.Release|Any CPU.Build.0 = Release|Any CPU
		{2F74B619-3635-4407-88AC-3804A22D9C95}.Release|x64.ActiveCfg = Release|Any CPU
		{2F74B619-3635-4407-88AC-3804A22D9C95}.Release|x64.Build.0 = Release|Any CPU
		{2F74B619-3635-4407-88AC-3804A22D9C95}.Release|x86.ActiveCfg = Release|Any CPU
		{2F74B619-3635-4407-88AC-3804A22D9C95}.Release|x86.Build.0 = Release|Any CPU
		{154AFD1C-DE6C-44B3-8C5D-8160B46CBA9C}.Debug|Any CPU.ActiveCfg = Debug|Any CPU
		{154AFD1C-DE6C-44B3-8C5D-8160B46CBA9C}.Debug|Any CPU.Build.0 = Debug|Any CPU
		{154AFD1C-DE6C-44B3-8C5D-8160B46CBA9C}.Debug|x64.ActiveCfg = Debug|Any CPU
		{154AFD1C-DE6C-44B3-8C5D-8160B46CBA9C}.Debug|x64.Build.0 = Debug|Any CPU
		{154AFD1C-DE6C-44B3-8C5D-8160B46CBA9C}.Debug|x86.ActiveCfg = Debug|Any CPU
		{154AFD1C-DE6C-44B3-8C5D-8160B46CBA9C}.Debug|x86.Build.0 = Debug|Any CPU
		{154AFD1C-DE6C-44B3-8C5D-8160B46CBA9C}.Release|Any CPU.ActiveCfg = Release|Any CPU
		{154AFD1C-DE6C-44B3-8C5D-8160B46CBA9C}.Release|Any CPU.Build.0 = Release|Any CPU
		{154AFD1C-DE6C-44B3-8C5D-8160B46CBA9C}.Release|x64.ActiveCfg = Release|Any CPU
		{154AFD1C-DE6C-44B3-8C5D-8160B46CBA9C}.Release|x64.Build.0 = Release|Any CPU
		{154AFD1C-DE6C-44B3-8C5D-8160B46CBA9C}.Release|x86.ActiveCfg = Release|Any CPU
		{154AFD1C-DE6C-44B3-8C5D-8160B46CBA9C}.Release|x86.Build.0 = Release|Any CPU
		{B69A385C-D742-4432-9D1E-065FD79F2640}.Debug|Any CPU.ActiveCfg = Debug|Any CPU
		{B69A385C-D742-4432-9D1E-065FD79F2640}.Debug|Any CPU.Build.0 = Debug|Any CPU
		{B69A385C-D742-4432-9D1E-065FD79F2640}.Debug|x64.ActiveCfg = Debug|Any CPU
		{B69A385C-D742-4432-9D1E-065FD79F2640}.Debug|x64.Build.0 = Debug|Any CPU
		{B69A385C-D742-4432-9D1E-065FD79F2640}.Debug|x86.ActiveCfg = Debug|Any CPU
		{B69A385C-D742-4432-9D1E-065FD79F2640}.Debug|x86.Build.0 = Debug|Any CPU
		{B69A385C-D742-4432-9D1E-065FD79F2640}.Release|Any CPU.ActiveCfg = Release|Any CPU
		{B69A385C-D742-4432-9D1E-065FD79F2640}.Release|Any CPU.Build.0 = Release|Any CPU
		{B69A385C-D742-4432-9D1E-065FD79F2640}.Release|x64.ActiveCfg = Release|Any CPU
		{B69A385C-D742-4432-9D1E-065FD79F2640}.Release|x64.Build.0 = Release|Any CPU
		{B69A385C-D742-4432-9D1E-065FD79F2640}.Release|x86.ActiveCfg = Release|Any CPU
		{B69A385C-D742-4432-9D1E-065FD79F2640}.Release|x86.Build.0 = Release|Any CPU
		{EDBE0B2D-EBAC-4413-9300-E19A4FA87965}.Debug|Any CPU.ActiveCfg = Debug|Any CPU
		{EDBE0B2D-EBAC-4413-9300-E19A4FA87965}.Debug|Any CPU.Build.0 = Debug|Any CPU
		{EDBE0B2D-EBAC-4413-9300-E19A4FA87965}.Debug|x64.ActiveCfg = Debug|Any CPU
		{EDBE0B2D-EBAC-4413-9300-E19A4FA87965}.Debug|x64.Build.0 = Debug|Any CPU
		{EDBE0B2D-EBAC-4413-9300-E19A4FA87965}.Debug|x86.ActiveCfg = Debug|Any CPU
		{EDBE0B2D-EBAC-4413-9300-E19A4FA87965}.Debug|x86.Build.0 = Debug|Any CPU
		{EDBE0B2D-EBAC-4413-9300-E19A4FA87965}.Release|Any CPU.ActiveCfg = Release|Any CPU
		{EDBE0B2D-EBAC-4413-9300-E19A4FA87965}.Release|Any CPU.Build.0 = Release|Any CPU
		{EDBE0B2D-EBAC-4413-9300-E19A4FA87965}.Release|x64.ActiveCfg = Release|Any CPU
		{EDBE0B2D-EBAC-4413-9300-E19A4FA87965}.Release|x64.Build.0 = Release|Any CPU
		{EDBE0B2D-EBAC-4413-9300-E19A4FA87965}.Release|x86.ActiveCfg = Release|Any CPU
		{EDBE0B2D-EBAC-4413-9300-E19A4FA87965}.Release|x86.Build.0 = Release|Any CPU
		{50FEBC5F-8664-4BF7-8F75-9381B6981BAF}.Debug|Any CPU.ActiveCfg = Debug|Any CPU
		{50FEBC5F-8664-4BF7-8F75-9381B6981BAF}.Debug|Any CPU.Build.0 = Debug|Any CPU
		{50FEBC5F-8664-4BF7-8F75-9381B6981BAF}.Debug|x64.ActiveCfg = Debug|Any CPU
		{50FEBC5F-8664-4BF7-8F75-9381B6981BAF}.Debug|x64.Build.0 = Debug|Any CPU
		{50FEBC5F-8664-4BF7-8F75-9381B6981BAF}.Debug|x86.ActiveCfg = Debug|Any CPU
		{50FEBC5F-8664-4BF7-8F75-9381B6981BAF}.Debug|x86.Build.0 = Debug|Any CPU
		{50FEBC5F-8664-4BF7-8F75-9381B6981BAF}.Release|Any CPU.ActiveCfg = Release|Any CPU
		{50FEBC5F-8664-4BF7-8F75-9381B6981BAF}.Release|Any CPU.Build.0 = Release|Any CPU
		{50FEBC5F-8664-4BF7-8F75-9381B6981BAF}.Release|x64.ActiveCfg = Release|Any CPU
		{50FEBC5F-8664-4BF7-8F75-9381B6981BAF}.Release|x64.Build.0 = Release|Any CPU
		{50FEBC5F-8664-4BF7-8F75-9381B6981BAF}.Release|x86.ActiveCfg = Release|Any CPU
		{50FEBC5F-8664-4BF7-8F75-9381B6981BAF}.Release|x86.Build.0 = Release|Any CPU
		{21ECBAC8-A75F-4103-81F0-A8E135BE5AC6}.Debug|Any CPU.ActiveCfg = Debug|Any CPU
		{21ECBAC8-A75F-4103-81F0-A8E135BE5AC6}.Debug|Any CPU.Build.0 = Debug|Any CPU
		{21ECBAC8-A75F-4103-81F0-A8E135BE5AC6}.Debug|x64.ActiveCfg = Debug|Any CPU
		{21ECBAC8-A75F-4103-81F0-A8E135BE5AC6}.Debug|x64.Build.0 = Debug|Any CPU
		{21ECBAC8-A75F-4103-81F0-A8E135BE5AC6}.Debug|x86.ActiveCfg = Debug|Any CPU
		{21ECBAC8-A75F-4103-81F0-A8E135BE5AC6}.Debug|x86.Build.0 = Debug|Any CPU
		{21ECBAC8-A75F-4103-81F0-A8E135BE5AC6}.Release|Any CPU.ActiveCfg = Release|Any CPU
		{21ECBAC8-A75F-4103-81F0-A8E135BE5AC6}.Release|Any CPU.Build.0 = Release|Any CPU
		{21ECBAC8-A75F-4103-81F0-A8E135BE5AC6}.Release|x64.ActiveCfg = Release|Any CPU
		{21ECBAC8-A75F-4103-81F0-A8E135BE5AC6}.Release|x64.Build.0 = Release|Any CPU
		{21ECBAC8-A75F-4103-81F0-A8E135BE5AC6}.Release|x86.ActiveCfg = Release|Any CPU
		{21ECBAC8-A75F-4103-81F0-A8E135BE5AC6}.Release|x86.Build.0 = Release|Any CPU
		{C21C0204-736B-4A66-A3E4-608002C91505}.Debug|Any CPU.ActiveCfg = Debug|Any CPU
		{C21C0204-736B-4A66-A3E4-608002C91505}.Debug|Any CPU.Build.0 = Debug|Any CPU
		{C21C0204-736B-4A66-A3E4-608002C91505}.Debug|x64.ActiveCfg = Debug|Any CPU
		{C21C0204-736B-4A66-A3E4-608002C91505}.Debug|x64.Build.0 = Debug|Any CPU
		{C21C0204-736B-4A66-A3E4-608002C91505}.Debug|x86.ActiveCfg = Debug|Any CPU
		{C21C0204-736B-4A66-A3E4-608002C91505}.Debug|x86.Build.0 = Debug|Any CPU
		{C21C0204-736B-4A66-A3E4-608002C91505}.Release|Any CPU.ActiveCfg = Release|Any CPU
		{C21C0204-736B-4A66-A3E4-608002C91505}.Release|Any CPU.Build.0 = Release|Any CPU
		{C21C0204-736B-4A66-A3E4-608002C91505}.Release|x64.ActiveCfg = Release|Any CPU
		{C21C0204-736B-4A66-A3E4-608002C91505}.Release|x64.Build.0 = Release|Any CPU
		{C21C0204-736B-4A66-A3E4-608002C91505}.Release|x86.ActiveCfg = Release|Any CPU
		{C21C0204-736B-4A66-A3E4-608002C91505}.Release|x86.Build.0 = Release|Any CPU
		{C7881917-9F0B-485B-9F33-8A58E1084B3F}.Debug|Any CPU.ActiveCfg = Debug|Any CPU
		{C7881917-9F0B-485B-9F33-8A58E1084B3F}.Debug|Any CPU.Build.0 = Debug|Any CPU
		{C7881917-9F0B-485B-9F33-8A58E1084B3F}.Debug|x64.ActiveCfg = Debug|Any CPU
		{C7881917-9F0B-485B-9F33-8A58E1084B3F}.Debug|x64.Build.0 = Debug|Any CPU
		{C7881917-9F0B-485B-9F33-8A58E1084B3F}.Debug|x86.ActiveCfg = Debug|Any CPU
		{C7881917-9F0B-485B-9F33-8A58E1084B3F}.Debug|x86.Build.0 = Debug|Any CPU
		{C7881917-9F0B-485B-9F33-8A58E1084B3F}.Release|Any CPU.ActiveCfg = Release|Any CPU
		{C7881917-9F0B-485B-9F33-8A58E1084B3F}.Release|Any CPU.Build.0 = Release|Any CPU
		{C7881917-9F0B-485B-9F33-8A58E1084B3F}.Release|x64.ActiveCfg = Release|Any CPU
		{C7881917-9F0B-485B-9F33-8A58E1084B3F}.Release|x64.Build.0 = Release|Any CPU
		{C7881917-9F0B-485B-9F33-8A58E1084B3F}.Release|x86.ActiveCfg = Release|Any CPU
		{C7881917-9F0B-485B-9F33-8A58E1084B3F}.Release|x86.Build.0 = Release|Any CPU
	EndGlobalSection
	GlobalSection(NestedProjects) = preSolution
		{594F2275-AF8E-4AFC-B8DC-7D6048C872CA} = {84B95569-6BD8-48B4-A942-CBBC9462B6D4}
		{690894CA-BD95-48D5-8C0A-4D2CC6D0C8B9} = {E6F1DC30-D346-4E86-8F58-20CFAAB19448}
		{E9BC0196-993C-467A-956C-F5C069DCB0DC} = {E6F1DC30-D346-4E86-8F58-20CFAAB19448}
		{139DDEF7-6921-4C26-9091-DFA19798C72E} = {84B95569-6BD8-48B4-A942-CBBC9462B6D4}
		{3320DB6F-655A-4909-97A5-4706E951048D} = {84B95569-6BD8-48B4-A942-CBBC9462B6D4}
		{F5AB8998-BDEF-4BD4-BE09-0D2237659B00} = {E6F1DC30-D346-4E86-8F58-20CFAAB19448}
		{2B5A983E-FC27-4992-9611-CE3C17B9ADCA} = {84B95569-6BD8-48B4-A942-CBBC9462B6D4}
		{721CE279-93C3-4015-8288-9B6FE847B321} = {84B95569-6BD8-48B4-A942-CBBC9462B6D4}
		{2F74B619-3635-4407-88AC-3804A22D9C95} = {84B95569-6BD8-48B4-A942-CBBC9462B6D4}
		{154AFD1C-DE6C-44B3-8C5D-8160B46CBA9C} = {E6F1DC30-D346-4E86-8F58-20CFAAB19448}
		{B69A385C-D742-4432-9D1E-065FD79F2640} = {E6F1DC30-D346-4E86-8F58-20CFAAB19448}
		{94CC1725-6CBC-4AB1-B496-0152C69C9709} = {84B95569-6BD8-48B4-A942-CBBC9462B6D4}
		{EDBE0B2D-EBAC-4413-9300-E19A4FA87965} = {94CC1725-6CBC-4AB1-B496-0152C69C9709}
		{50FEBC5F-8664-4BF7-8F75-9381B6981BAF} = {94CC1725-6CBC-4AB1-B496-0152C69C9709}
		{21ECBAC8-A75F-4103-81F0-A8E135BE5AC6} = {84B95569-6BD8-48B4-A942-CBBC9462B6D4}
		{C21C0204-736B-4A66-A3E4-608002C91505} = {84B95569-6BD8-48B4-A942-CBBC9462B6D4}
		{C7881917-9F0B-485B-9F33-8A58E1084B3F} = {84B95569-6BD8-48B4-A942-CBBC9462B6D4}
	EndGlobalSection
EndGlobal
